{
  "version": "5",
  "specifiers": {
    "npm:nodemailer@9.1.1": "9.1.1"
  },
  "npm": {
    "nodemailer@9.1.1": {
      "integrity": "sha512-izw9mVKFix6YSnC9eLgV6g1opl9DUlRio9ZNcq+Wu9Ujn2UwF+8Nl0B8nz22kEC+CTZCvinkxwJ0DeFbb6NwcQ=="
    }
  },
  "redirects": {
    "https://esm.sh/iceberg-js@^0.8.1?target=denonext": "https://esm.sh/iceberg-js@0.8.1?target=denonext"
  },
  "remote": {
    "https://esm.sh/@supabase/auth-js@2.117.2/denonext/auth-js.mjs": "253256b86063e9102289a3197ac40c2b730a125520131c51e72b633f5b77fb7a",
    "https://esm.sh/@supabase/functions-js@2.117.2/denonext/functions-js.mjs": "8d27ad6d10f820db019e6bffc32d4fd034e53e0882718c7204ad79389dfa2c45",
    "https://esm.sh/@supabase/phoenix@0.4.5/denonext/phoenix.mjs": "40bd2a70829cd847848baac58e635bacd83fd62188f6624b44e2c295341004eb",
    "https://esm.sh/@supabase/postgrest-js@2.117.2/denonext/postgrest-js.mjs": "9b88fe6f180d780337a7c2f9b402db405e83906999c438ae96ab78059b6e3a76",
    "https://esm.sh/@supabase/realtime-js@2.117.2/denonext/realtime-js.mjs": "406d3a9d81c5515c8012d8e8d61016e89fb0bc4f0e9c6a878f33a18301db7ee4",
    "https://esm.sh/@supabase/storage-js@2.117.2/denonext/storage-js.mjs": "5cfab4c2abec47857bceba30ad813bfdb5e1143f135d08935fcd22c316d8452d",
    "https://esm.sh/@supabase/supabase-js@2.117.2": "6da4477d96ad4392b5a8be8f423384a3812cdd651df483e433ba422a69ff879b",
    "https://esm.sh/@supabase/supabase-js@2.117.2/denonext/dist/tracingRegistry.mjs": "0d16c73c8079741b82ea60a06cb115c611f1338ea4b8b920b98e29d196aa115d",
    "https://esm.sh/@supabase/supabase-js@2.117.2/denonext/supabase-js.mjs": "ff543f039fa457be4ce1f599507c045c2a6b07f7f73477c7c75c013533731770",
    "https://esm.sh/iceberg-js@0.8.1/denonext/iceberg-js.mjs": "d839d81a2e3966500ca2cdd0c1cb458e9608bacfc91f7bb67a69b2e878dcdb4f",
    "https://esm.sh/iceberg-js@0.8.1?target=denonext": "58c849d7fe2bf4eca4a84eb501e83c161a7d8c34ca1bec15a962b3bec3062633",
    "https://esm.sh/tslib@2.8.1/denonext/tslib.mjs": "c38da5dd6da6281964435002ce204cd586634fe3bdfb24a0ee116f48cf3292e9"
  }
}
